
Microsoft Visual Studio Solution File, Format Version 12.00
# Visual Studio Version 16
VisualStudioVersion = 16.0.30611.23
MinimumVisualStudioVersion = 10.0.40219.1
Project("{2150E333-8FDC-42A3-9474-1A3956D46DE8}") = "1-Domain", "1-Domain", "{163AEABD-EB63-45A8-8609-55AABF984960}"
EndProject
Project("{2150E333-8FDC-42A3-9474-1A3956D46DE8}") = "2-Applications", "2-Applications", "{DEC70799-0802-47BE-BC94-77FB96B7AC45}"
EndProject
Project("{2150E333-8FDC-42A3-9474-1A3956D46DE8}") = "3-ExternalServicies", "3-ExternalServicies", "{73E4F057-84B1-4F45-A314-CF59045C85B8}"
EndProject
Project("{2150E333-8FDC-42A3-9474-1A3956D46DE8}") = "4-Views", "4-Views", "{FBBB8A09-1D7F-4258-BA53-DF433A9F8E55}"
EndProject
Project("{2150E333-8FDC-42A3-9474-1A3956D46DE8}") = "5-Tests", "5-Tests", "{2A8BB5BA-6DE1-4196-A607-C69DF17DDACB}"
EndProject
Project("{FAE04EC0-301F-11D3-BF4B-00C04F79EFBC}") = "ISPSystem.Domain", "ISPSystem.Domain\ISPSystem.Domain.csproj", "{F1BE4BB1-C9E6-4FA7-9DB0-FD66AD3C099A}"
EndProject
Project("{FAE04EC0-301F-11D3-BF4B-00C04F79EFBC}") = "ISPSystem.DomainEntities", "ISPSystem.DomainEntities\ISPSystem.DomainEntities.csproj", "{9775EF8E-164F-4094-A823-2C021CEA73AC}"
EndProject
Project("{FAE04EC0-301F-11D3-BF4B-00C04F79EFBC}") = "ISPSystem.Application", "ISPSystem.Application\ISPSystem.Application.csproj", "{3B612EBB-39E7-426E-B83C-5BAF31D3B39B}"
EndProject
Project("{2150E333-8FDC-42A3-9474-1A3956D46DE8}") = "DataBase", "DataBase", "{A506212E-5DA7-4301-9122-4DC36CB23D96}"
EndProject
Project("{FAE04EC0-301F-11D3-BF4B-00C04F79EFBC}") = "ISPSystem.EF", "ISPSystem.EF\ISPSystem.EF.csproj", "{4CE47180-2A12-4228-9C7D-6883F165D681}"
EndProject
Project("{FAE04EC0-301F-11D3-BF4B-00C04F79EFBC}") = "ISPSystem.UnitTests", "ISPSystem.UnitTests\ISPSystem.UnitTests.csproj", "{CBE95893-5C90-4F67-8E89-99E75904E91F}"
EndProject
Project("{FAE04EC0-301F-11D3-BF4B-00C04F79EFBC}") = "ISPSystem.WebAPI", "ISPSystem.WebAPI\ISPSystem.WebAPI.csproj", "{AD78B77A-39E6-4731-8C0C-99BB38D7C389}"
EndProject
Global
	GlobalSection(SolutionConfigurationPlatforms) = preSolution
		Debug|Any CPU = Debug|Any CPU
		Release|Any CPU = Release|Any CPU
	EndGlobalSection
	GlobalSection(ProjectConfigurationPlatforms) = postSolution
		{F1BE4BB1-C9E6-4FA7-9DB0-FD66AD3C099A}.Debug|Any CPU.ActiveCfg = Debug|Any CPU
		{F1BE4BB1-C9E6-4FA7-9DB0-FD66AD3C099A}.Debug|Any CPU.Build.0 = Debug|Any CPU
		{F1BE4BB1-C9E6-4FA7-9DB0-FD66AD3C099A}.Release|Any CPU.ActiveCfg = Release|Any CPU
		{F1BE4BB1-C9E6-4FA7-9DB0-FD66AD3C099A}.Release|Any CPU.Build.0 = Release|Any CPU
		{9775EF8E-164F-4094-A823-2C021CEA73AC}.Debug|Any CPU.ActiveCfg = Debug|Any CPU
		{9775EF8E-164F-4094-A823-2C021CEA73AC}.Debug|Any CPU.Build.0 = Debug|Any CPU
		{9775EF8E-164F-4094-A823-2C021CEA73AC}.Release|Any CPU.ActiveCfg = Release|Any CPU
		{9775EF8E-164F-4094-A823-2C021CEA73AC}.Release|Any CPU.Build.0 = Release|Any CPU
		{3B612EBB-39E7-426E-B83C-5BAF31D3B39B}.Debug|Any CPU.ActiveCfg = Debug|Any CPU
		{3B612EBB-39E7-426E-B83C-5BAF31D3B39B}.Debug|Any CPU.Build.0 = Debug|Any CPU
		{3B612EBB-39E7-426E-B83C-5BAF31D3B39B}.Release|Any CPU.ActiveCfg = Release|Any CPU
		{3B612EBB-39E7-426E-B83C-5BAF31D3B39B}.Release|Any CPU.Build.0 = Release|Any CPU
		{4CE47180-2A12-4228-9C7D-6883F165D681}.Debug|Any CPU.ActiveCfg = Debug|Any CPU
		{4CE47180-2A12-4228-9C7D-6883F165D681}.Debug|Any CPU.Build.0 = Debug|Any CPU
		{4CE47180-2A12-4228-9C7D-6883F165D681}.Release|Any CPU.ActiveCfg = Release|Any CPU
		{4CE47180-2A12-4228-9C7D-6883F165D681}.Release|Any CPU.Build.0 = Release|Any CPU
		{CBE95893-5C90-4F67-8E89-99E75904E91F}.Debug|Any CPU.ActiveCfg = Debug|Any CPU
		{CBE95893-5C90-4F67-8E89-99E75904E91F}.Debug|Any CPU.Build.0 = Debug|Any CPU
		{CBE95893-5C90-4F67-8E89-99E75904E91F}.Release|Any CPU.ActiveCfg = Release|Any CPU
		{CBE95893-5C90-4F67-8E89-99E75904E91F}.Release|Any CPU.Build.0 = Release|Any CPU
		{AD78B77A-39E6-4731-8C0C-99BB38D7C389}.Debug|Any CPU.ActiveCfg = Debug|Any CPU
		{AD78B77A-39E6-4731-8C0C-99BB38D7C389}.Debug|Any CPU.Build.0 = Debug|Any CPU
		{AD78B77A-39E6-4731-8C0C-99BB38D7C389}.Release|Any CPU.ActiveCfg = Release|Any CPU
		{AD78B77A-39E6-4731-8C0C-99BB38D7C389}.Release|Any CPU.Build.0 = Release|Any CPU
	EndGlobalSection
	GlobalSection(SolutionProperties) = preSolution
		HideSolutionNode = FALSE
	EndGlobalSection
	GlobalSection(NestedProjects) = preSolution
		{F1BE4BB1-C9E6-4FA7-9DB0-FD66AD3C099A} = {163AEABD-EB63-45A8-8609-55AABF984960}
		{9775EF8E-164F-4094-A823-2C021CEA73AC} = {163AEABD-EB63-45A8-8609-55AABF984960}
		{3B612EBB-39E7-426E-B83C-5BAF31D3B39B} = {DEC70799-0802-47BE-BC94-77FB96B7AC45}
		{A506212E-5DA7-4301-9122-4DC36CB23D96} = {73E4F057-84B1-4F45-A314-CF59045C85B8}
		{4CE47180-2A12-4228-9C7D-6883F165D681} = {73E4F057-84B1-4F45-A314-CF59045C85B8}
		{CBE95893-5C90-4F67-8E89-99E75904E91F} = {2A8BB5BA-6DE1-4196-A607-C69DF17DDACB}
		{AD78B77A-39E6-4731-8C0C-99BB38D7C389} = {FBBB8A09-1D7F-4258-BA53-DF433A9F8E55}
	EndGlobalSection
	GlobalSection(ExtensibilityGlobals) = postSolution
		SolutionGuid = {EFBEDBDF-5DB0-4CB0-9B16-A333D9B5BED3}
	EndGlobalSection
EndGlobal
